
Microsoft Visual Studio Solution File, Format Version 12.00
# Visual Studio 2013
VisualStudioVersion = 12.0.21005.1
MinimumVisualStudioVersion = 10.0.40219.1
Project("{F184B08F-C81C-45F6-A57F-5ABD9991F28F}") = "rayhan.01", "rayhan.01\rayhan.01.vbproj", "{2A9B246D-72F4-4E7A-B8AD-AC3F475B4B19}"
EndProject
Global
	GlobalSection(SolutionConfigurationPlatforms) = preSolution
		Debug|Any CPU = Debug|Any CPU
		Release|Any CPU = Release|Any CPU
	EndGlobalSection
	GlobalSection(ProjectConfigurationPlatforms) = postSolution
		{2A9B246D-72F4-4E7A-B8AD-AC3F475B4B19}.Debug|Any CPU.ActiveCfg = Debug|Any CPU
		{2A9B246D-72F4-4E7A-B8AD-AC3F475B4B19}.Debug|Any CPU.Build.0 = Debug|Any CPU
		{2A9B246D-72F4-4E7A-B8AD-AC3F475B4B19}.Release|Any CPU.ActiveCfg = Release|Any CPU
		{2A9B246D-72F4-4E7A-B8AD-AC3F475B4B19}.Release|Any CPU.Build.0 = Release|Any CPU
	EndGlobalSection
	GlobalSection(SolutionProperties) = preSolution
		HideSolutionNode = FALSE
	EndGlobalSection
EndGlobal
